Microsoft Visual Studio Solution File, Format Version 12.00
# Visual Studio 2013
VisualStudioVersion = 12.0.21005.1
MinimumVisualStudioVersion = 10.0.40219.1
Project("{2150E333-8FDC-42A3-9474-1A3956D46DE8}") = "Solution Items", "Solution Items", "{7CA3B74E-E30A-46D6-A68B-070A2D9EBF05}"
	ProjectSection(SolutionItems) = preProject
		LocalTestRun.testrunconfig = LocalTestRun.testrunconfig
		Sc2iDlls.vsmdi = Sc2iDlls.vsmdi
	EndProjectSection
EndProject
Project("{2150E333-8FDC-42A3-9474-1A3956D46DE8}") = "dep", "dep", "{B7C343AE-A4BB-4872-9825-A7793AE18EBE}"
	ProjectSection(SolutionItems) = preProject
		dep\CarlosAg.ExcelXmlWriter.dll = dep\CarlosAg.ExcelXmlWriter.dll
		dep\GMap.NET.Core.dll = dep\GMap.NET.Core.dll
		dep\GMap.NET.WindowsForms.dll = dep\GMap.NET.WindowsForms.dll
		dep\ICSharpCode.SharpZipLib.dll = dep\ICSharpCode.SharpZipLib.dll
		dep\MagicLibrary.DLL = dep\MagicLibrary.DLL
		dep\nunit.framework.dll = dep\nunit.framework.dll
		dep\OpenPop.dll = dep\OpenPop.dll
	EndProjectSection
EndProject
Project("{FAE04EC0-301F-11D3-BF4B-00C04F79EFBC}") = "sc2i.win32.expression", "sc2i.win32.expression\sc2i.win32.expression.csproj", "{2363929C-9C42-4450-A347-F8F0FBE989F1}"
EndProject
Project("{FAE04EC0-301F-11D3-BF4B-00C04F79EFBC}") = "sc2i.win32.ressources", "sc2i.win32.ressources\sc2i.win32.ressources.csproj", "{E18FF704-7691-4AEA-9D97-564F8A1866F9}"
EndProject
Project("{FAE04EC0-301F-11D3-BF4B-00C04F79EFBC}") = "AllDlls", "AllDlls\AllDlls.csproj", "{7FC3AF16-75C1-4607-A78C-9FEFC34F9415}"
EndProject
Project("{FAE04EC0-301F-11D3-BF4B-00C04F79EFBC}") = "sc2i.win32.navigation", "sc2i.win32.navigation\sc2i.win32.navigation.csproj", "{39C25ED1-65AF-4137-AB6F-309A75F3B1FF}"
EndProject
Project("{FAE04EC0-301F-11D3-BF4B-00C04F79EFBC}") = "sc2i.process", "sc2i.process\sc2i.process.csproj", "{D7D70DEB-BFC7-4C89-86D1-8854D3B297DE}"
EndProject
Project("{FAE04EC0-301F-11D3-BF4B-00C04F79EFBC}") = "sc2i.multitiers.client", "sc2i.multitiers.client\sc2i.multitiers.client.csproj", "{022AC2FA-0300-4662-BEE5-1C637FECBBB1}"
EndProject
Project("{FAE04EC0-301F-11D3-BF4B-00C04F79EFBC}") = "sc2i.multitiers.server", "sc2i.multitiers.server\sc2i.multitiers.server.csproj", "{04AD54F3-1866-47B5-8A33-9E96D46EEEEF}"
EndProject
Project("{FAE04EC0-301F-11D3-BF4B-00C04F79EFBC}") = "SC2ICommon", "sc2i.common\SC2ICommon.csproj", "{500A5948-86F8-4331-8529-BB1109C4E966}"
EndProject
Project("{FAE04EC0-301F-11D3-BF4B-00C04F79EFBC}") = "sc2i.data.client", "sc2i.data.client\sc2i.data.client.csproj", "{6BB133A5-2330-4D0F-AB31-C1F585CD10D7}"
EndProject
Project("{FAE04EC0-301F-11D3-BF4B-00C04F79EFBC}") = "sc2i.data.dynamic", "sc2i.data.dynamic\sc2i.data.dynamic.csproj", "{557DBF3C-58CA-45D7-867D-162608670072}"
EndProject
Project("{FAE04EC0-301F-11D3-BF4B-00C04F79EFBC}") = "sc2i.data.dynamic.loader", "sc2i.data.dynamic.loader\sc2i.data.dynamic.loader.csproj", "{F76A2F4F-3297-45CC-9D7B-61D3FADFC24B}"
EndProject
Project("{FAE04EC0-301F-11D3-BF4B-00C04F79EFBC}") = "sc2i.data.serveur", "sc2i.data.serveur\sc2i.data.serveur.csproj", "{46564949-F4DE-424B-A685-036E14614A55}"
EndProject
Project("{FAE04EC0-301F-11D3-BF4B-00C04F79EFBC}") = "sc2i.doccode", "sc2i.doccode\sc2i.doccode.csproj", "{C4A2D48F-9A00-48B1-A9A6-01E1D6267949}"
EndProject
Project("{FAE04EC0-301F-11D3-BF4B-00C04F79EFBC}") = "sc2i.documents", "sc2i.documents\sc2i.documents.csproj", "{ED1D5107-458A-4CCA-A161-EA1860692FFE}"
EndProject
Project("{FAE04EC0-301F-11D3-BF4B-00C04F79EFBC}") = "sc2i.documents.serveur", "sc2i.documents.serveur\sc2i.documents.serveur.csproj", "{ABE3C5A7-4767-4D59-8E27-3CEDF53C5E81}"
EndProject
Project("{FAE04EC0-301F-11D3-BF4B-00C04F79EFBC}") = "sc2i.expression", "sc2i.expression\sc2i.expression.csproj", "{BCFA4027-E5DB-40D7-B05B-623E8CAC0CA4}"
EndProject
Project("{FAE04EC0-301F-11D3-BF4B-00C04F79EFBC}") = "sc2i.formulaire", "sc2i.formulaire\sc2i.formulaire.csproj", "{979C5166-D0F2-4F00-8F6B-A39331A8AF61}"
EndProject
Project("{FAE04EC0-301F-11D3-BF4B-00C04F79EFBC}") = "sc2i.formulaire.win32.editor", "sc2i.formulaire.win32.editor\sc2i.formulaire.win32.editor.csproj", "{EADFA9F5-2C30-44F6-B8DD-A428FEDC8789}"
EndProject
Project("{FAE04EC0-301F-11D3-BF4B-00C04F79EFBC}") = "sc2i.win32.common", "sc2i.win32.common\sc2i.win32.common.csproj", "{ECBC5D80-26BD-41D1-90FF-7B2A84F73339}"
EndProject
Project("{FAE04EC0-301F-11D3-BF4B-00C04F79EFBC}") = "futurocom.win32.easyquery", "futurocom.win32.easyquery\futurocom.win32.easyquery.csproj", "{2443CD6C-33CC-4FE9-AD09-DA4F27F02A69}"
EndProject
Project("{FAE04EC0-301F-11D3-BF4B-00C04F79EFBC}") = "futurocom.easyquery", "futurocom.easyquery\futurocom.easyquery.csproj", "{6EA1E23F-7E62-41C6-AFA1-C317777F3D94}"
EndProject
Project("{FAE04EC0-301F-11D3-BF4B-00C04F79EFBC}") = "futurocom.chart", "futurocom.chart\futurocom.chart.csproj", "{32092446-D166-4991-B7B2-47E2566B0CE4}"
EndProject
Project("{FAE04EC0-301F-11D3-BF4B-00C04F79EFBC}") = "futurocom.win32.chart", "futurocom.win32.chart\futurocom.win32.chart.csproj", "{83598063-C19E-4B92-BEBA-75378671E447}"
EndProject
Project("{FAE04EC0-301F-11D3-BF4B-00C04F79EFBC}") = "sc2i.win32.data", "sc2i.win32.data\sc2i.win32.data.csproj", "{6841AA20-24D6-4534-8685-4483D71A90D8}"
EndProject
Project("{FAE04EC0-301F-11D3-BF4B-00C04F79EFBC}") = "sc2i.win32.data.dynamic", "sc2i.win32.data.dynamic\sc2i.win32.data.dynamic.csproj", "{EDB0D537-0140-4E15-9AF4-C67DBE74855D}"
EndProject
Project("{FAE04EC0-301F-11D3-BF4B-00C04F79EFBC}") = "sc2i.win32.data.navigation", "sc2i.win32.data.navigation\sc2i.win32.data.navigation.csproj", "{7D649731-7A70-4CE9-805B-E2991CEDF8BE}"
EndProject
Project("{FAE04EC0-301F-11D3-BF4B-00C04F79EFBC}") = "sc2i.win32.process", "sc2i.win32.process\sc2i.win32.process.csproj", "{C7BF3965-C41C-4898-B173-B62FF4C0515D}"
EndProject
Project("{FAE04EC0-301F-11D3-BF4B-00C04F79EFBC}") = "sc2i.process.serveur", "sc2i.process.serveur\sc2i.process.serveur.csproj", "{38C74DF2-637C-4DEF-B251-E6E82005FAE4}"
EndProject
Project("{FAE04EC0-301F-11D3-BF4B-00C04F79EFBC}") = "sc2i.web", "sc2i.web\sc2i.web.csproj", "{3BFA1911-0260-41D2-9203-7F86BD67B3B4}"
EndProject
Project("{FAE04EC0-301F-11D3-BF4B-00C04F79EFBC}") = "sc2i.process.web", "sc2i.process.web\sc2i.process.web.csproj", "{2EE8FF18-E98D-4B5F-8277-BE18B36EEF78}"
EndProject
Project("{FAE04EC0-301F-11D3-BF4B-00C04F79EFBC}") = "data.hotel.client", "data.hotel.client\data.hotel.client.csproj", "{032A3907-6D1D-4483-9908-CC9809D89D8F}"
EndProject
Project("{FAE04EC0-301F-11D3-BF4B-00C04F79EFBC}") = "data.hotel.easyquery", "data.hotel.easyquery\data.hotel.easyquery.csproj", "{CF184A3C-FDB3-472A-8249-0BCAED59CF8D}"
EndProject
Project("{FAE04EC0-301F-11D3-BF4B-00C04F79EFBC}") = "data.hotel.easyquery.win32", "data.hotel.easyquery.win32\data.hotel.easyquery.win32.csproj", "{FAB17A43-9CFC-467F-A7B3-39E5BA285741}"
EndProject
Project("{FAE04EC0-301F-11D3-BF4B-00C04F79EFBC}") = "data.hotel.server", "data.hotel.server\data.hotel.server.csproj", "{FCCE12A0-AF64-448C-8AC2-F7014A67F35E}"
EndProject
Global
	GlobalSection(SolutionConfigurationPlatforms) = preSolution
		debug avec documentation|Any CPU = debug avec documentation|Any CPU
		debug avec documentation|x86 = debug avec documentation|x86
		debug PDA DATA|Any CPU = debug PDA DATA|Any CPU
		debug PDA DATA|x86 = debug PDA DATA|x86
		debug structure pda|Any CPU = debug structure pda|Any CPU
		debug structure pda|x86 = debug structure pda|x86
		Debug|Any CPU = Debug|Any CPU
		Debug|x86 = Debug|x86
		Release|Any CPU = Release|Any CPU
		Release|x86 = Release|x86
	EndGlobalSection
	GlobalSection(ProjectConfigurationPlatforms) = postSolution
		{2363929C-9C42-4450-A347-F8F0FBE989F1}.debug avec documentation|Any CPU.ActiveCfg = Debug|Any CPU
		{2363929C-9C42-4450-A347-F8F0FBE989F1}.debug avec documentation|Any CPU.Build.0 = Debug|Any CPU
		{2363929C-9C42-4450-A347-F8F0FBE989F1}.debug avec documentation|x86.ActiveCfg = debug avec documentation|x86
		{2363929C-9C42-4450-A347-F8F0FBE989F1}.debug avec documentation|x86.Build.0 = debug avec documentation|x86
		{2363929C-9C42-4450-A347-F8F0FBE989F1}.debug PDA DATA|Any CPU.ActiveCfg = debug avec documentation|x86
		{2363929C-9C42-4450-A347-F8F0FBE989F1}.debug PDA DATA|x86.ActiveCfg = debug avec documentation|x86
		{2363929C-9C42-4450-A347-F8F0FBE989F1}.debug PDA DATA|x86.Build.0 = debug avec documentation|x86
		{2363929C-9C42-4450-A347-F8F0FBE989F1}.debug structure pda|Any CPU.ActiveCfg = debug structure pda|Any CPU
		{2363929C-9C42-4450-A347-F8F0FBE989F1}.debug structure pda|Any CPU.Build.0 = debug structure pda|Any CPU
		{2363929C-9C42-4450-A347-F8F0FBE989F1}.debug structure pda|x86.ActiveCfg = debug structure pda|x86
		{2363929C-9C42-4450-A347-F8F0FBE989F1}.debug structure pda|x86.Build.0 = debug structure pda|x86
		{2363929C-9C42-4450-A347-F8F0FBE989F1}.Debug|Any CPU.ActiveCfg = Debug|Any CPU
		{2363929C-9C42-4450-A347-F8F0FBE989F1}.Debug|Any CPU.Build.0 = Debug|Any CPU
		{2363929C-9C42-4450-A347-F8F0FBE989F1}.Debug|x86.ActiveCfg = Debug|x86
		{2363929C-9C42-4450-A347-F8F0FBE989F1}.Debug|x86.Build.0 = Debug|x86
		{2363929C-9C42-4450-A347-F8F0FBE989F1}.Release|Any CPU.ActiveCfg = Release|Any CPU
		{2363929C-9C42-4450-A347-F8F0FBE989F1}.Release|Any CPU.Build.0 = Release|Any CPU
		{2363929C-9C42-4450-A347-F8F0FBE989F1}.Release|x86.ActiveCfg = Release|x86
		{2363929C-9C42-4450-A347-F8F0FBE989F1}.Release|x86.Build.0 = Release|x86
		{E18FF704-7691-4AEA-9D97-564F8A1866F9}.debug avec documentation|Any CPU.ActiveCfg = Debug|Any CPU
		{E18FF704-7691-4AEA-9D97-564F8A1866F9}.debug avec documentation|Any CPU.Build.0 = Debug|Any CPU
		{E18FF704-7691-4AEA-9D97-564F8A1866F9}.debug avec documentation|x86.ActiveCfg = Debug|Any CPU
		{E18FF704-7691-4AEA-9D97-564F8A1866F9}.debug PDA DATA|Any CPU.ActiveCfg = Debug|Any CPU
		{E18FF704-7691-4AEA-9D97-564F8A1866F9}.debug PDA DATA|Any CPU.Build.0 = Debug|Any CPU
		{E18FF704-7691-4AEA-9D97-564F8A1866F9}.debug PDA DATA|x86.ActiveCfg = Debug|Any CPU
		{E18FF704-7691-4AEA-9D97-564F8A1866F9}.debug structure pda|Any CPU.ActiveCfg = Debug|Any CPU
		{E18FF704-7691-4AEA-9D97-564F8A1866F9}.debug structure pda|Any CPU.Build.0 = Debug|Any CPU
		{E18FF704-7691-4AEA-9D97-564F8A1866F9}.debug structure pda|x86.ActiveCfg = Debug|Any CPU
		{E18FF704-7691-4AEA-9D97-564F8A1866F9}.Debug|Any CPU.ActiveCfg = Debug|Any CPU
		{E18FF704-7691-4AEA-9D97-564F8A1866F9}.Debug|Any CPU.Build.0 = Debug|Any CPU
		{E18FF704-7691-4AEA-9D97-564F8A1866F9}.Debug|x86.ActiveCfg = Debug|Any CPU
		{E18FF704-7691-4AEA-9D97-564F8A1866F9}.Release|Any CPU.ActiveCfg = Release|Any CPU
		{E18FF704-7691-4AEA-9D97-564F8A1866F9}.Release|Any CPU.Build.0 = Release|Any CPU
		{E18FF704-7691-4AEA-9D97-564F8A1866F9}.Release|x86.ActiveCfg = Release|Any CPU
		{7FC3AF16-75C1-4607-A78C-9FEFC34F9415}.debug avec documentation|Any CPU.ActiveCfg = Debug|Any CPU
		{7FC3AF16-75C1-4607-A78C-9FEFC34F9415}.debug avec documentation|Any CPU.Build.0 = Debug|Any CPU
		{7FC3AF16-75C1-4607-A78C-9FEFC34F9415}.debug avec documentation|x86.ActiveCfg = Debug|x86
		{7FC3AF16-75C1-4607-A78C-9FEFC34F9415}.debug avec documentation|x86.Build.0 = Debug|x86
		{7FC3AF16-75C1-4607-A78C-9FEFC34F9415}.debug PDA DATA|Any CPU.ActiveCfg = Debug|x86
		{7FC3AF16-75C1-4607-A78C-9FEFC34F9415}.debug PDA DATA|x86.ActiveCfg = Debug|x86
		{7FC3AF16-75C1-4607-A78C-9FEFC34F9415}.debug PDA DATA|x86.Build.0 = Debug|x86
		{7FC3AF16-75C1-4607-A78C-9FEFC34F9415}.debug structure pda|Any CPU.ActiveCfg = Debug|x86
		{7FC3AF16-75C1-4607-A78C-9FEFC34F9415}.debug structure pda|x86.ActiveCfg = Debug|x86
		{7FC3AF16-75C1-4607-A78C-9FEFC34F9415}.debug structure pda|x86.Build.0 = Debug|x86
		{7FC3AF16-75C1-4607-A78C-9FEFC34F9415}.Debug|Any CPU.ActiveCfg = Debug|Any CPU
		{7FC3AF16-75C1-4607-A78C-9FEFC34F9415}.Debug|Any CPU.Build.0 = Debug|Any CPU
		{7FC3AF16-75C1-4607-A78C-9FEFC34F9415}.Debug|x86.ActiveCfg = Debug|x86
		{7FC3AF16-75C1-4607-A78C-9FEFC34F9415}.Debug|x86.Build.0 = Debug|x86
		{7FC3AF16-75C1-4607-A78C-9FEFC34F9415}.Release|Any CPU.ActiveCfg = Release|Any CPU
		{7FC3AF16-75C1-4607-A78C-9FEFC34F9415}.Release|Any CPU.Build.0 = Release|Any CPU
		{7FC3AF16-75C1-4607-A78C-9FEFC34F9415}.Release|x86.ActiveCfg = Release|x86
		{7FC3AF16-75C1-4607-A78C-9FEFC34F9415}.Release|x86.Build.0 = Release|x86
		{39C25ED1-65AF-4137-AB6F-309A75F3B1FF}.debug avec documentation|Any CPU.ActiveCfg = Debug|Any CPU
		{39C25ED1-65AF-4137-AB6F-309A75F3B1FF}.debug avec documentation|Any CPU.Build.0 = Debug|Any CPU
		{39C25ED1-65AF-4137-AB6F-309A75F3B1FF}.debug avec documentation|x86.ActiveCfg = debug avec documentation|x86
		{39C25ED1-65AF-4137-AB6F-309A75F3B1FF}.debug avec documentation|x86.Build.0 = debug avec documentation|x86
		{39C25ED1-65AF-4137-AB6F-309A75F3B1FF}.debug PDA DATA|Any CPU.ActiveCfg = debug avec documentation|x86
		{39C25ED1-65AF-4137-AB6F-309A75F3B1FF}.debug PDA DATA|x86.ActiveCfg = debug avec documentation|x86
		{39C25ED1-65AF-4137-AB6F-309A75F3B1FF}.debug PDA DATA|x86.Build.0 = debug avec documentation|x86
		{39C25ED1-65AF-4137-AB6F-309A75F3B1FF}.debug structure pda|Any CPU.ActiveCfg = debug structure pda|Any CPU
		{39C25ED1-65AF-4137-AB6F-309A75F3B1FF}.debug structure pda|Any CPU.Build.0 = debug structure pda|Any CPU
		{39C25ED1-65AF-4137-AB6F-309A75F3B1FF}.debug structure pda|x86.ActiveCfg = debug structure pda|x86
		{39C25ED1-65AF-4137-AB6F-309A75F3B1FF}.debug structure pda|x86.Build.0 = debug structure pda|x86
		{39C25ED1-65AF-4137-AB6F-309A75F3B1FF}.Debug|Any CPU.ActiveCfg = Debug|Any CPU
		{39C25ED1-65AF-4137-AB6F-309A75F3B1FF}.Debug|Any CPU.Build.0 = Debug|Any CPU
		{39C25ED1-65AF-4137-AB6F-309A75F3B1FF}.Debug|x86.ActiveCfg = Debug|x86
		{39C25ED1-65AF-4137-AB6F-309A75F3B1FF}.Debug|x86.Build.0 = Debug|x86
		{39C25ED1-65AF-4137-AB6F-309A75F3B1FF}.Release|Any CPU.ActiveCfg = Release|Any CPU
		{39C25ED1-65AF-4137-AB6F-309A75F3B1FF}.Release|Any CPU.Build.0 = Release|Any CPU
		{39C25ED1-65AF-4137-AB6F-309A75F3B1FF}.Release|x86.ActiveCfg = Release|x86
		{39C25ED1-65AF-4137-AB6F-309A75F3B1FF}.Release|x86.Build.0 = Release|x86
		{D7D70DEB-BFC7-4C89-86D1-8854D3B297DE}.debug avec documentation|Any CPU.ActiveCfg = Debug|Any CPU
		{D7D70DEB-BFC7-4C89-86D1-8854D3B297DE}.debug avec documentation|Any CPU.Build.0 = Debug|Any CPU
		{D7D70DEB-BFC7-4C89-86D1-8854D3B297DE}.debug avec documentation|x86.ActiveCfg = debug avec documentation|x86
		{D7D70DEB-BFC7-4C89-86D1-8854D3B297DE}.debug avec documentation|x86.Build.0 = debug avec documentation|x86
		{D7D70DEB-BFC7-4C89-86D1-8854D3B297DE}.debug PDA DATA|Any CPU.ActiveCfg = debug PDA DATA|Any CPU
		{D7D70DEB-BFC7-4C89-86D1-8854D3B297DE}.debug PDA DATA|Any CPU.Build.0 = debug PDA DATA|Any CPU
		{D7D70DEB-BFC7-4C89-86D1-8854D3B297DE}.debug PDA DATA|x86.ActiveCfg = debug PDA DATA|x86
		{D7D70DEB-BFC7-4C89-86D1-8854D3B297DE}.debug PDA DATA|x86.Build.0 = debug PDA DATA|x86
		{D7D70DEB-BFC7-4C89-86D1-8854D3B297DE}.debug structure pda|Any CPU.ActiveCfg = debug structure pda|Any CPU
		{D7D70DEB-BFC7-4C89-86D1-8854D3B297DE}.debug structure pda|Any CPU.Build.0 = debug structure pda|Any CPU
		{D7D70DEB-BFC7-4C89-86D1-8854D3B297DE}.debug structure pda|x86.ActiveCfg = debug structure pda|x86
		{D7D70DEB-BFC7-4C89-86D1-8854D3B297DE}.debug structure pda|x86.Build.0 = debug structure pda|x86
		{D7D70DEB-BFC7-4C89-86D1-8854D3B297DE}.Debug|Any CPU.ActiveCfg = Debug|Any CPU
		{D7D70DEB-BFC7-4C89-86D1-8854D3B297DE}.Debug|Any CPU.Build.0 = Debug|Any CPU
		{D7D70DEB-BFC7-4C89-86D1-8854D3B297DE}.Debug|x86.ActiveCfg = Debug|x86
		{D7D70DEB-BFC7-4C89-86D1-8854D3B297DE}.Debug|x86.Build.0 = Debug|x86
		{D7D70DEB-BFC7-4C89-86D1-8854D3B297DE}.Release|Any CPU.ActiveCfg = Release|Any CPU
		{D7D70DEB-BFC7-4C89-86D1-8854D3B297DE}.Release|Any CPU.Build.0 = Release|Any CPU
		{D7D70DEB-BFC7-4C89-86D1-8854D3B297DE}.Release|x86.ActiveCfg = Release|x86
		{D7D70DEB-BFC7-4C89-86D1-8854D3B297DE}.Release|x86.Build.0 = Release|x86
		{022AC2FA-0300-4662-BEE5-1C637FECBBB1}.debug avec documentation|Any CPU.ActiveCfg = Debug|Any CPU
		{022AC2FA-0300-4662-BEE5-1C637FECBBB1}.debug avec documentation|Any CPU.Build.0 = Debug|Any CPU
		{022AC2FA-0300-4662-BEE5-1C637FECBBB1}.debug avec documentation|x86.ActiveCfg = debug avec documentation|x86
		{022AC2FA-0300-4662-BEE5-1C637FECBBB1}.debug avec documentation|x86.Build.0 = debug avec documentation|x86
		{022AC2FA-0300-4662-BEE5-1C637FECBBB1}.debug PDA DATA|Any CPU.ActiveCfg = debug PDA DATA|Any CPU
		{022AC2FA-0300-4662-BEE5-1C637FECBBB1}.debug PDA DATA|Any CPU.Build.0 = debug PDA DATA|Any CPU
		{022AC2FA-0300-4662-BEE5-1C637FECBBB1}.debug PDA DATA|x86.ActiveCfg = debug PDA DATA|x86
		{022AC2FA-0300-4662-BEE5-1C637FECBBB1}.debug PDA DATA|x86.Build.0 = debug PDA DATA|x86
		{022AC2FA-0300-4662-BEE5-1C637FECBBB1}.debug structure pda|Any CPU.ActiveCfg = debug structure pda|Any CPU
		{022AC2FA-0300-4662-BEE5-1C637FECBBB1}.debug structure pda|Any CPU.Build.0 = debug structure pda|Any CPU
		{022AC2FA-0300-4662-BEE5-1C637FECBBB1}.debug structure pda|x86.ActiveCfg = debug structure pda|x86
		{022AC2FA-0300-4662-BEE5-1C637FECBBB1}.debug structure pda|x86.Build.0 = debug structure pda|x86
		{022AC2FA-0300-4662-BEE5-1C637FECBBB1}.Debug|Any CPU.ActiveCfg = Debug|Any CPU
		{022AC2FA-0300-4662-BEE5-1C637FECBBB1}.Debug|Any CPU.Build.0 = Debug|Any CPU
		{022AC2FA-0300-4662-BEE5-1C637FECBBB1}.Debug|x86.ActiveCfg = Debug|x86
		{022AC2FA-0300-4662-BEE5-1C637FECBBB1}.Debug|x86.Build.0 = Debug|x86
		{022AC2FA-0300-4662-BEE5-1C637FECBBB1}.Release|Any CPU.ActiveCfg = Release|Any CPU
		{022AC2FA-0300-4662-BEE5-1C637FECBBB1}.Release|Any CPU.Build.0 = Release|Any CPU
		{022AC2FA-0300-4662-BEE5-1C637FECBBB1}.Release|x86.ActiveCfg = Release|x86
		{022AC2FA-0300-4662-BEE5-1C637FECBBB1}.Release|x86.Build.0 = Release|x86
		{04AD54F3-1866-47B5-8A33-9E96D46EEEEF}.debug avec documentation|Any CPU.ActiveCfg = Debug|Any CPU
		{04AD54F3-1866-47B5-8A33-9E96D46EEEEF}.debug avec documentation|Any CPU.Build.0 = Debug|Any CPU
		{04AD54F3-1866-47B5-8A33-9E96D46EEEEF}.debug avec documentation|x86.ActiveCfg = debug avec documentation|x86
		{04AD54F3-1866-47B5-8A33-9E96D46EEEEF}.debug avec documentation|x86.Build.0 = debug avec documentation|x86
		{04AD54F3-1866-47B5-8A33-9E96D46EEEEF}.debug PDA DATA|Any CPU.ActiveCfg = debug PDA DATA|Any CPU
		{04AD54F3-1866-47B5-8A33-9E96D46EEEEF}.debug PDA DATA|Any CPU.Build.0 = debug PDA DATA|Any CPU
		{04AD54F3-1866-47B5-8A33-9E96D46EEEEF}.debug PDA DATA|x86.ActiveCfg = debug PDA DATA|x86
		{04AD54F3-1866-47B5-8A33-9E96D46EEEEF}.debug PDA DATA|x86.Build.0 = debug PDA DATA|x86
		{04AD54F3-1866-47B5-8A33-9E96D46EEEEF}.debug structure pda|Any CPU.ActiveCfg = debug structure pda|Any CPU
		{04AD54F3-1866-47B5-8A33-9E96D46EEEEF}.debug structure pda|Any CPU.Build.0 = debug structure pda|Any CPU
		{04AD54F3-1866-47B5-8A33-9E96D46EEEEF}.debug structure pda|x86.ActiveCfg = debug structure pda|x86
		{04AD54F3-1866-47B5-8A33-9E96D46EEEEF}.debug structure pda|x86.Build.0 = debug structure pda|x86
		{04AD54F3-1866-47B5-8A33-9E96D46EEEEF}.Debug|Any CPU.ActiveCfg = Debug|Any CPU
		{04AD54F3-1866-47B5-8A33-9E96D46EEEEF}.Debug|Any CPU.Build.0 = Debug|Any CPU
		{04AD54F3-1866-47B5-8A33-9E96D46EEEEF}.Debug|x86.ActiveCfg = Debug|x86
		{04AD54F3-1866-47B5-8A33-9E96D46EEEEF}.Debug|x86.Build.0 = Debug|x86
		{04AD54F3-1866-47B5-8A33-9E96D46EEEEF}.Release|Any CPU.ActiveCfg = Release|Any CPU
		{04AD54F3-1866-47B5-8A33-9E96D46EEEEF}.Release|Any CPU.Build.0 = Release|Any CPU
		{04AD54F3-1866-47B5-8A33-9E96D46EEEEF}.Release|x86.ActiveCfg = Release|x86
		{04AD54F3-1866-47B5-8A33-9E96D46EEEEF}.Release|x86.Build.0 = Release|x86
		{500A5948-86F8-4331-8529-BB1109C4E966}.debug avec documentation|Any CPU.ActiveCfg = Debug|Any CPU
		{500A5948-86F8-4331-8529-BB1109C4E966}.debug avec documentation|Any CPU.Build.0 = Debug|Any CPU
		{500A5948-86F8-4331-8529-BB1109C4E966}.debug avec documentation|x86.ActiveCfg = debug avec documentation|x86
		{500A5948-86F8-4331-8529-BB1109C4E966}.debug avec documentation|x86.Build.0 = debug avec documentation|x86
		{500A5948-86F8-4331-8529-BB1109C4E966}.debug PDA DATA|Any CPU.ActiveCfg = debug PDA DATA|Any CPU
		{500A5948-86F8-4331-8529-BB1109C4E966}.debug PDA DATA|Any CPU.Build.0 = debug PDA DATA|Any CPU
		{500A5948-86F8-4331-8529-BB1109C4E966}.debug PDA DATA|x86.ActiveCfg = debug PDA DATA|x86
		{500A5948-86F8-4331-8529-BB1109C4E966}.debug PDA DATA|x86.Build.0 = debug PDA DATA|x86
		{500A5948-86F8-4331-8529-BB1109C4E966}.debug structure pda|Any CPU.ActiveCfg = debug structure pda|Any CPU
		{500A5948-86F8-4331-8529-BB1109C4E966}.debug structure pda|Any CPU.Build.0 = debug structure pda|Any CPU
		{500A5948-86F8-4331-8529-BB1109C4E966}.debug structure pda|x86.ActiveCfg = debug structure pda|x86
		{500A5948-86F8-4331-8529-BB1109C4E966}.debug structure pda|x86.Build.0 = debug structure pda|x86
		{500A5948-86F8-4331-8529-BB1109C4E966}.Debug|Any CPU.ActiveCfg = Debug|Any CPU
		{500A5948-86F8-4331-8529-BB1109C4E966}.Debug|Any CPU.Build.0 = Debug|Any CPU
		{500A5948-86F8-4331-8529-BB1109C4E966}.Debug|x86.ActiveCfg = Debug|x86
		{500A5948-86F8-4331-8529-BB1109C4E966}.Debug|x86.Build.0 = Debug|x86
		{500A5948-86F8-4331-8529-BB1109C4E966}.Release|Any CPU.ActiveCfg = Release|Any CPU
		{500A5948-86F8-4331-8529-BB1109C4E966}.Release|Any CPU.Build.0 = Release|Any CPU
		{500A5948-86F8-4331-8529-BB1109C4E966}.Release|x86.ActiveCfg = Release|x86
		{500A5948-86F8-4331-8529-BB1109C4E966}.Release|x86.Build.0 = Release|x86
		{6BB133A5-2330-4D0F-AB31-C1F585CD10D7}.debug avec documentation|Any CPU.ActiveCfg = Debug|Any CPU
		{6BB133A5-2330-4D0F-AB31-C1F585CD10D7}.debug avec documentation|Any CPU.Build.0 = Debug|Any CPU
		{6BB133A5-2330-4D0F-AB31-C1F585CD10D7}.debug avec documentation|x86.ActiveCfg = debug avec documentation|x86
		{6BB133A5-2330-4D0F-AB31-C1F585CD10D7}.debug avec documentation|x86.Build.0 = debug avec documentation|x86
		{6BB133A5-2330-4D0F-AB31-C1F585CD10D7}.debug PDA DATA|Any CPU.ActiveCfg = debug PDA DATA|Any CPU
		{6BB133A5-2330-4D0F-AB31-C1F585CD10D7}.debug PDA DATA|Any CPU.Build.0 = debug PDA DATA|Any CPU
		{6BB133A5-2330-4D0F-AB31-C1F585CD10D7}.debug PDA DATA|x86.ActiveCfg = debug PDA DATA|x86
		{6BB133A5-2330-4D0F-AB31-C1F585CD10D7}.debug PDA DATA|x86.Build.0 = debug PDA DATA|x86
		{6BB133A5-2330-4D0F-AB31-C1F585CD10D7}.debug structure pda|Any CPU.ActiveCfg = debug structure pda|Any CPU
		{6BB133A5-2330-4D0F-AB31-C1F585CD10D7}.debug structure pda|Any CPU.Build.0 = debug structure pda|Any CPU
		{6BB133A5-2330-4D0F-AB31-C1F585CD10D7}.debug structure pda|x86.ActiveCfg = debug structure pda|x86
		{6BB133A5-2330-4D0F-AB31-C1F585CD10D7}.debug structure pda|x86.Build.0 = debug structure pda|x86
		{6BB133A5-2330-4D0F-AB31-C1F585CD10D7}.Debug|Any CPU.ActiveCfg = Debug|Any CPU
		{6BB133A5-2330-4D0F-AB31-C1F585CD10D7}.Debug|Any CPU.Build.0 = Debug|Any CPU
		{6BB133A5-2330-4D0F-AB31-C1F585CD10D7}.Debug|x86.ActiveCfg = Debug|x86
		{6BB133A5-2330-4D0F-AB31-C1F585CD10D7}.Debug|x86.Build.0 = Debug|x86
		{6BB133A5-2330-4D0F-AB31-C1F585CD10D7}.Release|Any CPU.ActiveCfg = Release|Any CPU
		{6BB133A5-2330-4D0F-AB31-C1F585CD10D7}.Release|Any CPU.Build.0 = Release|Any CPU
		{6BB133A5-2330-4D0F-AB31-C1F585CD10D7}.Release|x86.ActiveCfg = Release|x86
		{6BB133A5-2330-4D0F-AB31-C1F585CD10D7}.Release|x86.Build.0 = Release|x86
		{557DBF3C-58CA-45D7-867D-162608670072}.debug avec documentation|Any CPU.ActiveCfg = Debug|Any CPU
		{557DBF3C-58CA-45D7-867D-162608670072}.debug avec documentation|Any CPU.Build.0 = Debug|Any CPU
		{557DBF3C-58CA-45D7-867D-162608670072}.debug avec documentation|x86.ActiveCfg = debug avec documentation|x86
		{557DBF3C-58CA-45D7-867D-162608670072}.debug avec documentation|x86.Build.0 = debug avec documentation|x86
		{557DBF3C-58CA-45D7-867D-162608670072}.debug PDA DATA|Any CPU.ActiveCfg = debug PDA DATA|Any CPU
		{557DBF3C-58CA-45D7-867D-162608670072}.debug PDA DATA|Any CPU.Build.0 = debug PDA DATA|Any CPU
		{557DBF3C-58CA-45D7-867D-162608670072}.debug PDA DATA|x86.ActiveCfg = debug PDA DATA|x86
		{557DBF3C-58CA-45D7-867D-162608670072}.debug PDA DATA|x86.Build.0 = debug PDA DATA|x86
		{557DBF3C-58CA-45D7-867D-162608670072}.debug structure pda|Any CPU.ActiveCfg = debug structure pda|Any CPU
		{557DBF3C-58CA-45D7-867D-162608670072}.debug structure pda|Any CPU.Build.0 = debug structure pda|Any CPU
		{557DBF3C-58CA-45D7-867D-162608670072}.debug structure pda|x86.ActiveCfg = debug structure pda|x86
		{557DBF3C-58CA-45D7-867D-162608670072}.debug structure pda|x86.Build.0 = debug structure pda|x86
		{557DBF3C-58CA-45D7-867D-162608670072}.Debug|Any CPU.ActiveCfg = Debug|Any CPU
		{557DBF3C-58CA-45D7-867D-162608670072}.Debug|Any CPU.Build.0 = Debug|Any CPU
		{557DBF3C-58CA-45D7-867D-162608670072}.Debug|x86.ActiveCfg = Debug|x86
		{557DBF3C-58CA-45D7-867D-162608670072}.Debug|x86.Build.0 = Debug|x86
		{557DBF3C-58CA-45D7-867D-162608670072}.Release|Any CPU.ActiveCfg = Release|Any CPU
		{557DBF3C-58CA-45D7-867D-162608670072}.Release|Any CPU.Build.0 = Release|Any CPU
		{557DBF3C-58CA-45D7-867D-162608670072}.Release|x86.ActiveCfg = Release|x86
		{557DBF3C-58CA-45D7-867D-162608670072}.Release|x86.Build.0 = Release|x86
		{F76A2F4F-3297-45CC-9D7B-61D3FADFC24B}.debug avec documentation|Any CPU.ActiveCfg = Debug|Any CPU
		{F76A2F4F-3297-45CC-9D7B-61D3FADFC24B}.debug avec documentation|Any CPU.Build.0 = Debug|Any CPU
		{F76A2F4F-3297-45CC-9D7B-61D3FADFC24B}.debug avec documentation|x86.ActiveCfg = debug avec documentation|x86
		{F76A2F4F-3297-45CC-9D7B-61D3FADFC24B}.debug avec documentation|x86.Build.0 = debug avec documentation|x86
		{F76A2F4F-3297-45CC-9D7B-61D3FADFC24B}.debug PDA DATA|Any CPU.ActiveCfg = debug avec documentation|x86
		{F76A2F4F-3297-45CC-9D7B-61D3FADFC24B}.debug PDA DATA|x86.ActiveCfg = debug avec documentation|x86
		{F76A2F4F-3297-45CC-9D7B-61D3FADFC24B}.debug PDA DATA|x86.Build.0 = debug avec documentation|x86
		{F76A2F4F-3297-45CC-9D7B-61D3FADFC24B}.debug structure pda|Any CPU.ActiveCfg = debug structure pda|Any CPU
		{F76A2F4F-3297-45CC-9D7B-61D3FADFC24B}.debug structure pda|Any CPU.Build.0 = debug structure pda|Any CPU
		{F76A2F4F-3297-45CC-9D7B-61D3FADFC24B}.debug structure pda|x86.ActiveCfg = debug structure pda|x86
		{F76A2F4F-3297-45CC-9D7B-61D3FADFC24B}.debug structure pda|x86.Build.0 = debug structure pda|x86
		{F76A2F4F-3297-45CC-9D7B-61D3FADFC24B}.Debug|Any CPU.ActiveCfg = Debug|Any CPU
		{F76A2F4F-3297-45CC-9D7B-61D3FADFC24B}.Debug|Any CPU.Build.0 = Debug|Any CPU
		{F76A2F4F-3297-45CC-9D7B-61D3FADFC24B}.Debug|x86.ActiveCfg = Debug|x86
		{F76A2F4F-3297-45CC-9D7B-61D3FADFC24B}.Debug|x86.Build.0 = Debug|x86
		{F76A2F4F-3297-45CC-9D7B-61D3FADFC24B}.Release|Any CPU.ActiveCfg = Release|Any CPU
		{F76A2F4F-3297-45CC-9D7B-61D3FADFC24B}.Release|Any CPU.Build.0 = Release|Any CPU
		{F76A2F4F-3297-45CC-9D7B-61D3FADFC24B}.Release|x86.ActiveCfg = Release|x86
		{F76A2F4F-3297-45CC-9D7B-61D3FADFC24B}.Release|x86.Build.0 = Release|x86
		{46564949-F4DE-424B-A685-036E14614A55}.debug avec documentation|Any CPU.ActiveCfg = Debug|Any CPU
		{46564949-F4DE-424B-A685-036E14614A55}.debug avec documentation|Any CPU.Build.0 = Debug|Any CPU
		{46564949-F4DE-424B-A685-036E14614A55}.debug avec documentation|x86.ActiveCfg = debug avec documentation|x86
		{46564949-F4DE-424B-A685-036E14614A55}.debug avec documentation|x86.Build.0 = debug avec documentation|x86
		{46564949-F4DE-424B-A685-036E14614A55}.debug PDA DATA|Any CPU.ActiveCfg = debug PDA DATA|Any CPU
		{46564949-F4DE-424B-A685-036E14614A55}.debug PDA DATA|Any CPU.Build.0 = debug PDA DATA|Any CPU
		{46564949-F4DE-424B-A685-036E14614A55}.debug PDA DATA|x86.ActiveCfg = debug PDA DATA|x86
		{46564949-F4DE-424B-A685-036E14614A55}.debug PDA DATA|x86.Build.0 = debug PDA DATA|x86
		{46564949-F4DE-424B-A685-036E14614A55}.debug structure pda|Any CPU.ActiveCfg = debug structure pda|Any CPU
		{46564949-F4DE-424B-A685-036E14614A55}.debug structure pda|Any CPU.Build.0 = debug structure pda|Any CPU
		{46564949-F4DE-424B-A685-036E14614A55}.debug structure pda|x86.ActiveCfg = debug structure pda|x86
		{46564949-F4DE-424B-A685-036E14614A55}.debug structure pda|x86.Build.0 = debug structure pda|x86
		{46564949-F4DE-424B-A685-036E14614A55}.Debug|Any CPU.ActiveCfg = Debug|Any CPU
		{46564949-F4DE-424B-A685-036E14614A55}.Debug|Any CPU.Build.0 = Debug|Any CPU
		{46564949-F4DE-424B-A685-036E14614A55}.Debug|x86.ActiveCfg = Debug|x86
		{46564949-F4DE-424B-A685-036E14614A55}.Debug|x86.Build.0 = Debug|x86
		{46564949-F4DE-424B-A685-036E14614A55}.Release|Any CPU.ActiveCfg = Release|Any CPU
		{46564949-F4DE-424B-A685-036E14614A55}.Release|Any CPU.Build.0 = Release|Any CPU
		{46564949-F4DE-424B-A685-036E14614A55}.Release|x86.ActiveCfg = Release|x86
		{46564949-F4DE-424B-A685-036E14614A55}.Release|x86.Build.0 = Release|x86
		{C4A2D48F-9A00-48B1-A9A6-01E1D6267949}.debug avec documentation|Any CPU.ActiveCfg = Debug|Any CPU
		{C4A2D48F-9A00-48B1-A9A6-01E1D6267949}.debug avec documentation|Any CPU.Build.0 = Debug|Any CPU
		{C4A2D48F-9A00-48B1-A9A6-01E1D6267949}.debug avec documentation|x86.ActiveCfg = Debug|x86
		{C4A2D48F-9A00-48B1-A9A6-01E1D6267949}.debug avec documentation|x86.Build.0 = Debug|x86
		{C4A2D48F-9A00-48B1-A9A6-01E1D6267949}.debug PDA DATA|Any CPU.ActiveCfg = Debug|x86
		{C4A2D48F-9A00-48B1-A9A6-01E1D6267949}.debug PDA DATA|x86.ActiveCfg = Debug|x86
		{C4A2D48F-9A00-48B1-A9A6-01E1D6267949}.debug PDA DATA|x86.Build.0 = Debug|x86
		{C4A2D48F-9A00-48B1-A9A6-01E1D6267949}.debug structure pda|Any CPU.ActiveCfg = Debug|x86
		{C4A2D48F-9A00-48B1-A9A6-01E1D6267949}.debug structure pda|x86.ActiveCfg = Debug|x86
		{C4A2D48F-9A00-48B1-A9A6-01E1D6267949}.debug structure pda|x86.Build.0 = Debug|x86
		{C4A2D48F-9A00-48B1-A9A6-01E1D6267949}.Debug|Any CPU.ActiveCfg = Debug|Any CPU
		{C4A2D48F-9A00-48B1-A9A6-01E1D6267949}.Debug|Any CPU.Build.0 = Debug|Any CPU
		{C4A2D48F-9A00-48B1-A9A6-01E1D6267949}.Debug|x86.ActiveCfg = Debug|x86
		{C4A2D48F-9A00-48B1-A9A6-01E1D6267949}.Debug|x86.Build.0 = Debug|x86
		{C4A2D48F-9A00-48B1-A9A6-01E1D6267949}.Release|Any CPU.ActiveCfg = Release|Any CPU
		{C4A2D48F-9A00-48B1-A9A6-01E1D6267949}.Release|Any CPU.Build.0 = Release|Any CPU
		{C4A2D48F-9A00-48B1-A9A6-01E1D6267949}.Release|x86.ActiveCfg = Release|x86
		{C4A2D48F-9A00-48B1-A9A6-01E1D6267949}.Release|x86.Build.0 = Release|x86
		{ED1D5107-458A-4CCA-A161-EA1860692FFE}.debug avec documentation|Any CPU.ActiveCfg = Debug|Any CPU
		{ED1D5107-458A-4CCA-A161-EA1860692FFE}.debug avec documentation|Any CPU.Build.0 = Debug|Any CPU
		{ED1D5107-458A-4CCA-A161-EA1860692FFE}.debug avec documentation|x86.ActiveCfg = debug avec documentation|x86
		{ED1D5107-458A-4CCA-A161-EA1860692FFE}.debug avec documentation|x86.Build.0 = debug avec documentation|x86
		{ED1D5107-458A-4CCA-A161-EA1860692FFE}.debug PDA DATA|Any CPU.ActiveCfg = debug PDA DATA|Any CPU
		{ED1D5107-458A-4CCA-A161-EA1860692FFE}.debug PDA DATA|Any CPU.Build.0 = debug PDA DATA|Any CPU
		{ED1D5107-458A-4CCA-A161-EA1860692FFE}.debug PDA DATA|x86.ActiveCfg = debug PDA DATA|x86
		{ED1D5107-458A-4CCA-A161-EA1860692FFE}.debug PDA DATA|x86.Build.0 = debug PDA DATA|x86
		{ED1D5107-458A-4CCA-A161-EA1860692FFE}.debug structure pda|Any CPU.ActiveCfg = debug structure pda|Any CPU
		{ED1D5107-458A-4CCA-A161-EA1860692FFE}.debug structure pda|Any CPU.Build.0 = debug structure pda|Any CPU
		{ED1D5107-458A-4CCA-A161-EA1860692FFE}.debug structure pda|x86.ActiveCfg = debug structure pda|x86
		{ED1D5107-458A-4CCA-A161-EA1860692FFE}.debug structure pda|x86.Build.0 = debug structure pda|x86
		{ED1D5107-458A-4CCA-A161-EA1860692FFE}.Debug|Any CPU.ActiveCfg = Debug|Any CPU
		{ED1D5107-458A-4CCA-A161-EA1860692FFE}.Debug|Any CPU.Build.0 = Debug|Any CPU
		{ED1D5107-458A-4CCA-A161-EA1860692FFE}.Debug|x86.ActiveCfg = Debug|x86
		{ED1D5107-458A-4CCA-A161-EA1860692FFE}.Debug|x86.Build.0 = Debug|x86
		{ED1D5107-458A-4CCA-A161-EA1860692FFE}.Release|Any CPU.ActiveCfg = Release|Any CPU
		{ED1D5107-458A-4CCA-A161-EA1860692FFE}.Release|Any CPU.Build.0 = Release|Any CPU
		{ED1D5107-458A-4CCA-A161-EA1860692FFE}.Release|x86.ActiveCfg = Release|x86
		{ED1D5107-458A-4CCA-A161-EA1860692FFE}.Release|x86.Build.0 = Release|x86
		{ABE3C5A7-4767-4D59-8E27-3CEDF53C5E81}.debug avec documentation|Any CPU.ActiveCfg = Debug|Any CPU
		{ABE3C5A7-4767-4D59-8E27-3CEDF53C5E81}.debug avec documentation|Any CPU.Build.0 = Debug|Any CPU
		{ABE3C5A7-4767-4D59-8E27-3CEDF53C5E81}.debug avec documentation|x86.ActiveCfg = debug avec documentation|x86
		{ABE3C5A7-4767-4D59-8E27-3CEDF53C5E81}.debug avec documentation|x86.Build.0 = debug avec documentation|x86
		{ABE3C5A7-4767-4D59-8E27-3CEDF53C5E81}.debug PDA DATA|Any CPU.ActiveCfg = debug avec documentation|x86
		{ABE3C5A7-4767-4D59-8E27-3CEDF53C5E81}.debug PDA DATA|x86.ActiveCfg = debug avec documentation|x86
		{ABE3C5A7-4767-4D59-8E27-3CEDF53C5E81}.debug PDA DATA|x86.Build.0 = debug avec documentation|x86
		{ABE3C5A7-4767-4D59-8E27-3CEDF53C5E81}.debug structure pda|Any CPU.ActiveCfg = debug structure pda|Any CPU
		{ABE3C5A7-4767-4D59-8E27-3CEDF53C5E81}.debug structure pda|Any CPU.Build.0 = debug structure pda|Any CPU
		{ABE3C5A7-4767-4D59-8E27-3CEDF53C5E81}.debug structure pda|x86.ActiveCfg = debug structure pda|x86
		{ABE3C5A7-4767-4D59-8E27-3CEDF53C5E81}.debug structure pda|x86.Build.0 = debug structure pda|x86
		{ABE3C5A7-4767-4D59-8E27-3CEDF53C5E81}.Debug|Any CPU.ActiveCfg = Debug|Any CPU
		{ABE3C5A7-4767-4D59-8E27-3CEDF53C5E81}.Debug|Any CPU.Build.0 = Debug|Any CPU
		{ABE3C5A7-4767-4D59-8E27-3CEDF53C5E81}.Debug|x86.ActiveCfg = Debug|x86
		{ABE3C5A7-4767-4D59-8E27-3CEDF53C5E81}.Debug|x86.Build.0 = Debug|x86
		{ABE3C5A7-4767-4D59-8E27-3CEDF53C5E81}.Release|Any CPU.ActiveCfg = Release|Any CPU
		{ABE3C5A7-4767-4D59-8E27-3CEDF53C5E81}.Release|Any CPU.Build.0 = Release|Any CPU
		{ABE3C5A7-4767-4D59-8E27-3CEDF53C5E81}.Release|x86.ActiveCfg = Release|x86
		{ABE3C5A7-4767-4D59-8E27-3CEDF53C5E81}.Release|x86.Build.0 = Release|x86
		{BCFA4027-E5DB-40D7-B05B-623E8CAC0CA4}.debug avec documentation|Any CPU.ActiveCfg = Debug|Any CPU
		{BCFA4027-E5DB-40D7-B05B-623E8CAC0CA4}.debug avec documentation|Any CPU.Build.0 = Debug|Any CPU
		{BCFA4027-E5DB-40D7-B05B-623E8CAC0CA4}.debug avec documentation|x86.ActiveCfg = debug avec documentation|x86
		{BCFA4027-E5DB-40D7-B05B-623E8CAC0CA4}.debug avec documentation|x86.Build.0 = debug avec documentation|x86
		{BCFA4027-E5DB-40D7-B05B-623E8CAC0CA4}.debug PDA DATA|Any CPU.ActiveCfg = debug PDA DATA|Any CPU
		{BCFA4027-E5DB-40D7-B05B-623E8CAC0CA4}.debug PDA DATA|Any CPU.Build.0 = debug PDA DATA|Any CPU
		{BCFA4027-E5DB-40D7-B05B-623E8CAC0CA4}.debug PDA DATA|x86.ActiveCfg = debug PDA DATA|x86
		{BCFA4027-E5DB-40D7-B05B-623E8CAC0CA4}.debug PDA DATA|x86.Build.0 = debug PDA DATA|x86
		{BCFA4027-E5DB-40D7-B05B-623E8CAC0CA4}.debug structure pda|Any CPU.ActiveCfg = debug structure pda|Any CPU
		{BCFA4027-E5DB-40D7-B05B-623E8CAC0CA4}.debug structure pda|Any CPU.Build.0 = debug structure pda|Any CPU
		{BCFA4027-E5DB-40D7-B05B-623E8CAC0CA4}.debug structure pda|x86.ActiveCfg = debug structure pda|x86
		{BCFA4027-E5DB-40D7-B05B-623E8CAC0CA4}.debug structure pda|x86.Build.0 = debug structure pda|x86
		{BCFA4027-E5DB-40D7-B05B-623E8CAC0CA4}.Debug|Any CPU.ActiveCfg = Debug|Any CPU
		{BCFA4027-E5DB-40D7-B05B-623E8CAC0CA4}.Debug|Any CPU.Build.0 = Debug|Any CPU
		{BCFA4027-E5DB-40D7-B05B-623E8CAC0CA4}.Debug|x86.ActiveCfg = Debug|x86
		{BCFA4027-E5DB-40D7-B05B-623E8CAC0CA4}.Debug|x86.Build.0 = Debug|x86
		{BCFA4027-E5DB-40D7-B05B-623E8CAC0CA4}.Release|Any CPU.ActiveCfg = Release|Any CPU
		{BCFA4027-E5DB-40D7-B05B-623E8CAC0CA4}.Release|Any CPU.Build.0 = Release|Any CPU
		{BCFA4027-E5DB-40D7-B05B-623E8CAC0CA4}.Release|x86.ActiveCfg = Release|x86
		{BCFA4027-E5DB-40D7-B05B-623E8CAC0CA4}.Release|x86.Build.0 = Release|x86
		{979C5166-D0F2-4F00-8F6B-A39331A8AF61}.debug avec documentation|Any CPU.ActiveCfg = Debug|Any CPU
		{979C5166-D0F2-4F00-8F6B-A39331A8AF61}.debug avec documentation|Any CPU.Build.0 = Debug|Any CPU
		{979C5166-D0F2-4F00-8F6B-A39331A8AF61}.debug avec documentation|x86.ActiveCfg = debug avec documentation|x86
		{979C5166-D0F2-4F00-8F6B-A39331A8AF61}.debug avec documentation|x86.Build.0 = debug avec documentation|x86
		{979C5166-D0F2-4F00-8F6B-A39331A8AF61}.debug PDA DATA|Any CPU.ActiveCfg = debug PDA DATA|Any CPU
		{979C5166-D0F2-4F00-8F6B-A39331A8AF61}.debug PDA DATA|Any CPU.Build.0 = debug PDA DATA|Any CPU
		{979C5166-D0F2-4F00-8F6B-A39331A8AF61}.debug PDA DATA|x86.ActiveCfg = debug PDA DATA|x86
		{979C5166-D0F2-4F00-8F6B-A39331A8AF61}.debug PDA DATA|x86.Build.0 = debug PDA DATA|x86
		{979C5166-D0F2-4F00-8F6B-A39331A8AF61}.debug structure pda|Any CPU.ActiveCfg = debug structure pda|Any CPU
		{979C5166-D0F2-4F00-8F6B-A39331A8AF61}.debug structure pda|Any CPU.Build.0 = debug structure pda|Any CPU
		{979C5166-D0F2-4F00-8F6B-A39331A8AF61}.debug structure pda|x86.ActiveCfg = debug structure pda|x86
		{979C5166-D0F2-4F00-8F6B-A39331A8AF61}.debug structure pda|x86.Build.0 = debug structure pda|x86
		{979C5166-D0F2-4F00-8F6B-A39331A8AF61}.Debug|Any CPU.ActiveCfg = Debug|Any CPU
		{979C5166-D0F2-4F00-8F6B-A39331A8AF61}.Debug|Any CPU.Build.0 = Debug|Any CPU
		{979C5166-D0F2-4F00-8F6B-A39331A8AF61}.Debug|x86.ActiveCfg = Debug|x86
		{979C5166-D0F2-4F00-8F6B-A39331A8AF61}.Debug|x86.Build.0 = Debug|x86
		{979C5166-D0F2-4F00-8F6B-A39331A8AF61}.Release|Any CPU.ActiveCfg = Release|Any CPU
		{979C5166-D0F2-4F00-8F6B-A39331A8AF61}.Release|Any CPU.Build.0 = Release|Any CPU
		{979C5166-D0F2-4F00-8F6B-A39331A8AF61}.Release|x86.ActiveCfg = Release|x86
		{979C5166-D0F2-4F00-8F6B-A39331A8AF61}.Release|x86.Build.0 = Release|x86
		{EADFA9F5-2C30-44F6-B8DD-A428FEDC8789}.debug avec documentation|Any CPU.ActiveCfg = Debug|Any CPU
		{EADFA9F5-2C30-44F6-B8DD-A428FEDC8789}.debug avec documentation|Any CPU.Build.0 = Debug|Any CPU
		{EADFA9F5-2C30-44F6-B8DD-A428FEDC8789}.debug avec documentation|x86.ActiveCfg = debug avec documentation|x86
		{EADFA9F5-2C30-44F6-B8DD-A428FEDC8789}.debug avec documentation|x86.Build.0 = debug avec documentation|x86
		{EADFA9F5-2C30-44F6-B8DD-A428FEDC8789}.debug PDA DATA|Any CPU.ActiveCfg = debug avec documentation|x86
		{EADFA9F5-2C30-44F6-B8DD-A428FEDC8789}.debug PDA DATA|x86.ActiveCfg = debug avec documentation|x86
		{EADFA9F5-2C30-44F6-B8DD-A428FEDC8789}.debug PDA DATA|x86.Build.0 = debug avec documentation|x86
		{EADFA9F5-2C30-44F6-B8DD-A428FEDC8789}.debug structure pda|Any CPU.ActiveCfg = debug structure pda|Any CPU
		{EADFA9F5-2C30-44F6-B8DD-A428FEDC8789}.debug structure pda|Any CPU.Build.0 = debug structure pda|Any CPU
		{EADFA9F5-2C30-44F6-B8DD-A428FEDC8789}.debug structure pda|x86.ActiveCfg = debug structure pda|x86
		{EADFA9F5-2C30-44F6-B8DD-A428FEDC8789}.debug structure pda|x86.Build.0 = debug structure pda|x86
		{EADFA9F5-2C30-44F6-B8DD-A428FEDC8789}.Debug|Any CPU.ActiveCfg = Debug|Any CPU
		{EADFA9F5-2C30-44F6-B8DD-A428FEDC8789}.Debug|Any CPU.Build.0 = Debug|Any CPU
		{EADFA9F5-2C30-44F6-B8DD-A428FEDC8789}.Debug|x86.ActiveCfg = Debug|x86
		{EADFA9F5-2C30-44F6-B8DD-A428FEDC8789}.Debug|x86.Build.0 = Debug|x86
		{EADFA9F5-2C30-44F6-B8DD-A428FEDC8789}.Release|Any CPU.ActiveCfg = Release|Any CPU
		{EADFA9F5-2C30-44F6-B8DD-A428FEDC8789}.Release|Any CPU.Build.0 = Release|Any CPU
		{EADFA9F5-2C30-44F6-B8DD-A428FEDC8789}.Release|x86.ActiveCfg = Release|x86
		{EADFA9F5-2C30-44F6-B8DD-A428FEDC8789}.Release|x86.Build.0 = Release|x86
		{ECBC5D80-26BD-41D1-90FF-7B2A84F73339}.debug avec documentation|Any CPU.ActiveCfg = Debug|Any CPU
		{ECBC5D80-26BD-41D1-90FF-7B2A84F73339}.debug avec documentation|Any CPU.Build.0 = Debug|Any CPU
		{ECBC5D80-26BD-41D1-90FF-7B2A84F73339}.debug avec documentation|x86.ActiveCfg = debug avec documentation|x86
		{ECBC5D80-26BD-41D1-90FF-7B2A84F73339}.debug avec documentation|x86.Build.0 = debug avec documentation|x86
		{ECBC5D80-26BD-41D1-90FF-7B2A84F73339}.debug PDA DATA|Any CPU.ActiveCfg = debug avec documentation|x86
		{ECBC5D80-26BD-41D1-90FF-7B2A84F73339}.debug PDA DATA|x86.ActiveCfg = debug avec documentation|x86
		{ECBC5D80-26BD-41D1-90FF-7B2A84F73339}.debug PDA DATA|x86.Build.0 = debug avec documentation|x86
		{ECBC5D80-26BD-41D1-90FF-7B2A84F73339}.debug structure pda|Any CPU.ActiveCfg = debug structure pda|Any CPU
		{ECBC5D80-26BD-41D1-90FF-7B2A84F73339}.debug structure pda|Any CPU.Build.0 = debug structure pda|Any CPU
		{ECBC5D80-26BD-41D1-90FF-7B2A84F73339}.debug structure pda|x86.ActiveCfg = debug structure pda|x86
		{ECBC5D80-26BD-41D1-90FF-7B2A84F73339}.debug structure pda|x86.Build.0 = debug structure pda|x86
		{ECBC5D80-26BD-41D1-90FF-7B2A84F73339}.Debug|Any CPU.ActiveCfg = Debug|Any CPU
		{ECBC5D80-26BD-41D1-90FF-7B2A84F73339}.Debug|Any CPU.Build.0 = Debug|Any CPU
		{ECBC5D80-26BD-41D1-90FF-7B2A84F73339}.Debug|x86.ActiveCfg = Debug|x86
		{ECBC5D80-26BD-41D1-90FF-7B2A84F73339}.Debug|x86.Build.0 = Debug|x86
		{ECBC5D80-26BD-41D1-90FF-7B2A84F73339}.Release|Any CPU.ActiveCfg = Release|Any CPU
		{ECBC5D80-26BD-41D1-90FF-7B2A84F73339}.Release|Any CPU.Build.0 = Release|Any CPU
		{ECBC5D80-26BD-41D1-90FF-7B2A84F73339}.Release|x86.ActiveCfg = Release|x86
		{ECBC5D80-26BD-41D1-90FF-7B2A84F73339}.Release|x86.Build.0 = Release|x86
		{2443CD6C-33CC-4FE9-AD09-DA4F27F02A69}.debug avec documentation|Any CPU.ActiveCfg = Debug|Any CPU
		{2443CD6C-33CC-4FE9-AD09-DA4F27F02A69}.debug avec documentation|Any CPU.Build.0 = Debug|Any CPU
		{2443CD6C-33CC-4FE9-AD09-DA4F27F02A69}.debug avec documentation|x86.ActiveCfg = Debug|Any CPU
		{2443CD6C-33CC-4FE9-AD09-DA4F27F02A69}.debug PDA DATA|Any CPU.ActiveCfg = Debug|Any CPU
		{2443CD6C-33CC-4FE9-AD09-DA4F27F02A69}.debug PDA DATA|Any CPU.Build.0 = Debug|Any CPU
		{2443CD6C-33CC-4FE9-AD09-DA4F27F02A69}.debug PDA DATA|x86.ActiveCfg = Debug|Any CPU
		{2443CD6C-33CC-4FE9-AD09-DA4F27F02A69}.debug structure pda|Any CPU.ActiveCfg = Debug|Any CPU
		{2443CD6C-33CC-4FE9-AD09-DA4F27F02A69}.debug structure pda|Any CPU.Build.0 = Debug|Any CPU
		{2443CD6C-33CC-4FE9-AD09-DA4F27F02A69}.debug structure pda|x86.ActiveCfg = Debug|Any CPU
		{2443CD6C-33CC-4FE9-AD09-DA4F27F02A69}.Debug|Any CPU.ActiveCfg = Debug|Any CPU
		{2443CD6C-33CC-4FE9-AD09-DA4F27F02A69}.Debug|Any CPU.Build.0 = Debug|Any CPU
		{2443CD6C-33CC-4FE9-AD09-DA4F27F02A69}.Debug|x86.ActiveCfg = Debug|Any CPU
		{2443CD6C-33CC-4FE9-AD09-DA4F27F02A69}.Release|Any CPU.ActiveCfg = Release|Any CPU
		{2443CD6C-33CC-4FE9-AD09-DA4F27F02A69}.Release|Any CPU.Build.0 = Release|Any CPU
		{2443CD6C-33CC-4FE9-AD09-DA4F27F02A69}.Release|x86.ActiveCfg = Release|x86
		{2443CD6C-33CC-4FE9-AD09-DA4F27F02A69}.Release|x86.Build.0 = Release|x86
		{6EA1E23F-7E62-41C6-AFA1-C317777F3D94}.debug avec documentation|Any CPU.ActiveCfg = Debug|Any CPU
		{6EA1E23F-7E62-41C6-AFA1-C317777F3D94}.debug avec documentation|Any CPU.Build.0 = Debug|Any CPU
		{6EA1E23F-7E62-41C6-AFA1-C317777F3D94}.debug avec documentation|x86.ActiveCfg = Debug|Any CPU
		{6EA1E23F-7E62-41C6-AFA1-C317777F3D94}.debug PDA DATA|Any CPU.ActiveCfg = Debug|Any CPU
		{6EA1E23F-7E62-41C6-AFA1-C317777F3D94}.debug PDA DATA|Any CPU.Build.0 = Debug|Any CPU
		{6EA1E23F-7E62-41C6-AFA1-C317777F3D94}.debug PDA DATA|x86.ActiveCfg = Debug|Any CPU
		{6EA1E23F-7E62-41C6-AFA1-C317777F3D94}.debug structure pda|Any CPU.ActiveCfg = Debug|Any CPU
		{6EA1E23F-7E62-41C6-AFA1-C317777F3D94}.debug structure pda|Any CPU.Build.0 = Debug|Any CPU
		{6EA1E23F-7E62-41C6-AFA1-C317777F3D94}.debug structure pda|x86.ActiveCfg = Debug|Any CPU
		{6EA1E23F-7E62-41C6-AFA1-C317777F3D94}.Debug|Any CPU.ActiveCfg = Debug|Any CPU
		{6EA1E23F-7E62-41C6-AFA1-C317777F3D94}.Debug|Any CPU.Build.0 = Debug|Any CPU
		{6EA1E23F-7E62-41C6-AFA1-C317777F3D94}.Debug|x86.ActiveCfg = Debug|Any CPU
		{6EA1E23F-7E62-41C6-AFA1-C317777F3D94}.Release|Any CPU.ActiveCfg = Release|Any CPU
		{6EA1E23F-7E62-41C6-AFA1-C317777F3D94}.Release|Any CPU.Build.0 = Release|Any CPU
		{6EA1E23F-7E62-41C6-AFA1-C317777F3D94}.Release|x86.ActiveCfg = Release|x86
		{6EA1E23F-7E62-41C6-AFA1-C317777F3D94}.Release|x86.Build.0 = Release|x86
		{32092446-D166-4991-B7B2-47E2566B0CE4}.debug avec documentation|Any CPU.ActiveCfg = Debug|Any CPU
		{32092446-D166-4991-B7B2-47E2566B0CE4}.debug avec documentation|Any CPU.Build.0 = Debug|Any CPU
		{32092446-D166-4991-B7B2-47E2566B0CE4}.debug avec documentation|x86.ActiveCfg = Debug|Any CPU
		{32092446-D166-4991-B7B2-47E2566B0CE4}.debug PDA DATA|Any CPU.ActiveCfg = Debug|Any CPU
		{32092446-D166-4991-B7B2-47E2566B0CE4}.debug PDA DATA|Any CPU.Build.0 = Debug|Any CPU
		{32092446-D166-4991-B7B2-47E2566B0CE4}.debug PDA DATA|x86.ActiveCfg = Debug|Any CPU
		{32092446-D166-4991-B7B2-47E2566B0CE4}.debug structure pda|Any CPU.ActiveCfg = Debug|Any CPU
		{32092446-D166-4991-B7B2-47E2566B0CE4}.debug structure pda|Any CPU.Build.0 = Debug|Any CPU
		{32092446-D166-4991-B7B2-47E2566B0CE4}.debug structure pda|x86.ActiveCfg = Debug|Any CPU
		{32092446-D166-4991-B7B2-47E2566B0CE4}.Debug|Any CPU.ActiveCfg = Debug|Any CPU
		{32092446-D166-4991-B7B2-47E2566B0CE4}.Debug|Any CPU.Build.0 = Debug|Any CPU
		{32092446-D166-4991-B7B2-47E2566B0CE4}.Debug|x86.ActiveCfg = Debug|Any CPU
		{32092446-D166-4991-B7B2-47E2566B0CE4}.Release|Any CPU.ActiveCfg = Release|Any CPU
		{32092446-D166-4991-B7B2-47E2566B0CE4}.Release|Any CPU.Build.0 = Release|Any CPU
		{32092446-D166-4991-B7B2-47E2566B0CE4}.Release|x86.ActiveCfg = Release|x86
		{32092446-D166-4991-B7B2-47E2566B0CE4}.Release|x86.Build.0 = Release|x86
		{83598063-C19E-4B92-BEBA-75378671E447}.debug avec documentation|Any CPU.ActiveCfg = Debug|Any CPU
		{83598063-C19E-4B92-BEBA-75378671E447}.debug avec documentation|Any CPU.Build.0 = Debug|Any CPU
		{83598063-C19E-4B92-BEBA-75378671E447}.debug avec documentation|x86.ActiveCfg = Debug|Any CPU
		{83598063-C19E-4B92-BEBA-75378671E447}.debug PDA DATA|Any CPU.ActiveCfg = Debug|Any CPU
		{83598063-C19E-4B92-BEBA-75378671E447}.debug PDA DATA|Any CPU.Build.0 = Debug|Any CPU
		{83598063-C19E-4B92-BEBA-75378671E447}.debug PDA DATA|x86.ActiveCfg = Debug|Any CPU
		{83598063-C19E-4B92-BEBA-75378671E447}.debug structure pda|Any CPU.ActiveCfg = Debug|Any CPU
		{83598063-C19E-4B92-BEBA-75378671E447}.debug structure pda|Any CPU.Build.0 = Debug|Any CPU
		{83598063-C19E-4B92-BEBA-75378671E447}.debug structure pda|x86.ActiveCfg = Debug|Any CPU
		{83598063-C19E-4B92-BEBA-75378671E447}.Debug|Any CPU.ActiveCfg = Debug|Any CPU
		{83598063-C19E-4B92-BEBA-75378671E447}.Debug|Any CPU.Build.0 = Debug|Any CPU
		{83598063-C19E-4B92-BEBA-75378671E447}.Debug|x86.ActiveCfg = Debug|Any CPU
		{83598063-C19E-4B92-BEBA-75378671E447}.Release|Any CPU.ActiveCfg = Release|Any CPU
		{83598063-C19E-4B92-BEBA-75378671E447}.Release|Any CPU.Build.0 = Release|Any CPU
		{83598063-C19E-4B92-BEBA-75378671E447}.Release|x86.ActiveCfg = Release|x86
		{83598063-C19E-4B92-BEBA-75378671E447}.Release|x86.Build.0 = Release|x86
		{6841AA20-24D6-4534-8685-4483D71A90D8}.debug avec documentation|Any CPU.ActiveCfg = debug avec documentation|Any CPU
		{6841AA20-24D6-4534-8685-4483D71A90D8}.debug avec documentation|Any CPU.Build.0 = debug avec documentation|Any CPU
		{6841AA20-24D6-4534-8685-4483D71A90D8}.debug avec documentation|x86.ActiveCfg = debug avec documentation|x86
		{6841AA20-24D6-4534-8685-4483D71A90D8}.debug avec documentation|x86.Build.0 = debug avec documentation|x86
		{6841AA20-24D6-4534-8685-4483D71A90D8}.debug PDA DATA|Any CPU.ActiveCfg = debug avec documentation|x86
		{6841AA20-24D6-4534-8685-4483D71A90D8}.debug PDA DATA|x86.ActiveCfg = debug avec documentation|x86
		{6841AA20-24D6-4534-8685-4483D71A90D8}.debug PDA DATA|x86.Build.0 = debug avec documentation|x86
		{6841AA20-24D6-4534-8685-4483D71A90D8}.debug structure pda|Any CPU.ActiveCfg = debug structure pda|Any CPU
		{6841AA20-24D6-4534-8685-4483D71A90D8}.debug structure pda|Any CPU.Build.0 = debug structure pda|Any CPU
		{6841AA20-24D6-4534-8685-4483D71A90D8}.debug structure pda|x86.ActiveCfg = debug structure pda|x86
		{6841AA20-24D6-4534-8685-4483D71A90D8}.debug structure pda|x86.Build.0 = debug structure pda|x86
		{6841AA20-24D6-4534-8685-4483D71A90D8}.Debug|Any CPU.ActiveCfg = Debug|Any CPU
		{6841AA20-24D6-4534-8685-4483D71A90D8}.Debug|Any CPU.Build.0 = Debug|Any CPU
		{6841AA20-24D6-4534-8685-4483D71A90D8}.Debug|x86.ActiveCfg = Debug|x86
		{6841AA20-24D6-4534-8685-4483D71A90D8}.Debug|x86.Build.0 = Debug|x86
		{6841AA20-24D6-4534-8685-4483D71A90D8}.Release|Any CPU.ActiveCfg = Release|Any CPU
		{6841AA20-24D6-4534-8685-4483D71A90D8}.Release|Any CPU.Build.0 = Release|Any CPU
		{6841AA20-24D6-4534-8685-4483D71A90D8}.Release|x86.ActiveCfg = Release|x86
		{6841AA20-24D6-4534-8685-4483D71A90D8}.Release|x86.Build.0 = Release|x86
		{EDB0D537-0140-4E15-9AF4-C67DBE74855D}.debug avec documentation|Any CPU.ActiveCfg = debug avec documentation|Any CPU
		{EDB0D537-0140-4E15-9AF4-C67DBE74855D}.debug avec documentation|Any CPU.Build.0 = debug avec documentation|Any CPU
		{EDB0D537-0140-4E15-9AF4-C67DBE74855D}.debug avec documentation|x86.ActiveCfg = debug avec documentation|x86
		{EDB0D537-0140-4E15-9AF4-C67DBE74855D}.debug avec documentation|x86.Build.0 = debug avec documentation|x86
		{EDB0D537-0140-4E15-9AF4-C67DBE74855D}.debug PDA DATA|Any CPU.ActiveCfg = debug avec documentation|x86
		{EDB0D537-0140-4E15-9AF4-C67DBE74855D}.debug PDA DATA|x86.ActiveCfg = debug avec documentation|x86
		{EDB0D537-0140-4E15-9AF4-C67DBE74855D}.debug PDA DATA|x86.Build.0 = debug avec documentation|x86
		{EDB0D537-0140-4E15-9AF4-C67DBE74855D}.debug structure pda|Any CPU.ActiveCfg = debug structure pda|Any CPU
		{EDB0D537-0140-4E15-9AF4-C67DBE74855D}.debug structure pda|Any CPU.Build.0 = debug structure pda|Any CPU
		{EDB0D537-0140-4E15-9AF4-C67DBE74855D}.debug structure pda|x86.ActiveCfg = debug structure pda|x86
		{EDB0D537-0140-4E15-9AF4-C67DBE74855D}.debug structure pda|x86.Build.0 = debug structure pda|x86
		{EDB0D537-0140-4E15-9AF4-C67DBE74855D}.Debug|Any CPU.ActiveCfg = Debug|Any CPU
		{EDB0D537-0140-4E15-9AF4-C67DBE74855D}.Debug|Any CPU.Build.0 = Debug|Any CPU
		{EDB0D537-0140-4E15-9AF4-C67DBE74855D}.Debug|x86.ActiveCfg = Debug|x86
		{EDB0D537-0140-4E15-9AF4-C67DBE74855D}.Debug|x86.Build.0 = Debug|x86
		{EDB0D537-0140-4E15-9AF4-C67DBE74855D}.Release|Any CPU.ActiveCfg = Release|Any CPU
		{EDB0D537-0140-4E15-9AF4-C67DBE74855D}.Release|Any CPU.Build.0 = Release|Any CPU
		{EDB0D537-0140-4E15-9AF4-C67DBE74855D}.Release|x86.ActiveCfg = Release|x86
		{EDB0D537-0140-4E15-9AF4-C67DBE74855D}.Release|x86.Build.0 = Release|x86
		{7D649731-7A70-4CE9-805B-E2991CEDF8BE}.debug avec documentation|Any CPU.ActiveCfg = debug avec documentation|Any CPU
		{7D649731-7A70-4CE9-805B-E2991CEDF8BE}.debug avec documentation|Any CPU.Build.0 = debug avec documentation|Any CPU
		{7D649731-7A70-4CE9-805B-E2991CEDF8BE}.debug avec documentation|x86.ActiveCfg = debug avec documentation|x86
		{7D649731-7A70-4CE9-805B-E2991CEDF8BE}.debug avec documentation|x86.Build.0 = debug avec documentation|x86
		{7D649731-7A70-4CE9-805B-E2991CEDF8BE}.debug PDA DATA|Any CPU.ActiveCfg = debug avec documentation|x86
		{7D649731-7A70-4CE9-805B-E2991CEDF8BE}.debug PDA DATA|x86.ActiveCfg = debug avec documentation|x86
		{7D649731-7A70-4CE9-805B-E2991CEDF8BE}.debug PDA DATA|x86.Build.0 = debug avec documentation|x86
		{7D649731-7A70-4CE9-805B-E2991CEDF8BE}.debug structure pda|Any CPU.ActiveCfg = debug structure pda|Any CPU
		{7D649731-7A70-4CE9-805B-E2991CEDF8BE}.debug structure pda|Any CPU.Build.0 = debug structure pda|Any CPU
		{7D649731-7A70-4CE9-805B-E2991CEDF8BE}.debug structure pda|x86.ActiveCfg = debug structure pda|x86
		{7D649731-7A70-4CE9-805B-E2991CEDF8BE}.debug structure pda|x86.Build.0 = debug structure pda|x86
		{7D649731-7A70-4CE9-805B-E2991CEDF8BE}.Debug|Any CPU.ActiveCfg = Debug|Any CPU
		{7D649731-7A70-4CE9-805B-E2991CEDF8BE}.Debug|Any CPU.Build.0 = Debug|Any CPU
		{7D649731-7A70-4CE9-805B-E2991CEDF8BE}.Debug|x86.ActiveCfg = Debug|x86
		{7D649731-7A70-4CE9-805B-E2991CEDF8BE}.Debug|x86.Build.0 = Debug|x86
		{7D649731-7A70-4CE9-805B-E2991CEDF8BE}.Release|Any CPU.ActiveCfg = Release|Any CPU
		{7D649731-7A70-4CE9-805B-E2991CEDF8BE}.Release|Any CPU.Build.0 = Release|Any CPU
		{7D649731-7A70-4CE9-805B-E2991CEDF8BE}.Release|x86.ActiveCfg = Release|x86
		{7D649731-7A70-4CE9-805B-E2991CEDF8BE}.Release|x86.Build.0 = Release|x86
		{C7BF3965-C41C-4898-B173-B62FF4C0515D}.debug avec documentation|Any CPU.ActiveCfg = debug avec documentation|Any CPU
		{C7BF3965-C41C-4898-B173-B62FF4C0515D}.debug avec documentation|Any CPU.Build.0 = debug avec documentation|Any CPU
		{C7BF3965-C41C-4898-B173-B62FF4C0515D}.debug avec documentation|x86.ActiveCfg = debug avec documentation|x86
		{C7BF3965-C41C-4898-B173-B62FF4C0515D}.debug avec documentation|x86.Build.0 = debug avec documentation|x86
		{C7BF3965-C41C-4898-B173-B62FF4C0515D}.debug PDA DATA|Any CPU.ActiveCfg = debug avec documentation|x86
		{C7BF3965-C41C-4898-B173-B62FF4C0515D}.debug PDA DATA|x86.ActiveCfg = debug avec documentation|x86
		{C7BF3965-C41C-4898-B173-B62FF4C0515D}.debug PDA DATA|x86.Build.0 = debug avec documentation|x86
		{C7BF3965-C41C-4898-B173-B62FF4C0515D}.debug structure pda|Any CPU.ActiveCfg = debug structure pda|Any CPU
		{C7BF3965-C41C-4898-B173-B62FF4C0515D}.debug structure pda|Any CPU.Build.0 = debug structure pda|Any CPU
		{C7BF3965-C41C-4898-B173-B62FF4C0515D}.debug structure pda|x86.ActiveCfg = debug structure pda|x86
		{C7BF3965-C41C-4898-B173-B62FF4C0515D}.debug structure pda|x86.Build.0 = debug structure pda|x86
		{C7BF3965-C41C-4898-B173-B62FF4C0515D}.Debug|Any CPU.ActiveCfg = Debug|Any CPU
		{C7BF3965-C41C-4898-B173-B62FF4C0515D}.Debug|Any CPU.Build.0 = Debug|Any CPU
		{C7BF3965-C41C-4898-B173-B62FF4C0515D}.Debug|x86.ActiveCfg = Debug|x86
		{C7BF3965-C41C-4898-B173-B62FF4C0515D}.Debug|x86.Build.0 = Debug|x86
		{C7BF3965-C41C-4898-B173-B62FF4C0515D}.Release|Any CPU.ActiveCfg = Release|Any CPU
		{C7BF3965-C41C-4898-B173-B62FF4C0515D}.Release|Any CPU.Build.0 = Release|Any CPU
		{C7BF3965-C41C-4898-B173-B62FF4C0515D}.Release|x86.ActiveCfg = Release|x86
		{C7BF3965-C41C-4898-B173-B62FF4C0515D}.Release|x86.Build.0 = Release|x86
		{38C74DF2-637C-4DEF-B251-E6E82005FAE4}.debug avec documentation|Any CPU.ActiveCfg = debug avec documentation|Any CPU
		{38C74DF2-637C-4DEF-B251-E6E82005FAE4}.debug avec documentation|Any CPU.Build.0 = debug avec documentation|Any CPU
		{38C74DF2-637C-4DEF-B251-E6E82005FAE4}.debug avec documentation|x86.ActiveCfg = debug avec documentation|x86
		{38C74DF2-637C-4DEF-B251-E6E82005FAE4}.debug avec documentation|x86.Build.0 = debug avec documentation|x86
		{38C74DF2-637C-4DEF-B251-E6E82005FAE4}.debug PDA DATA|Any CPU.ActiveCfg = debug avec documentation|x86
		{38C74DF2-637C-4DEF-B251-E6E82005FAE4}.debug PDA DATA|x86.ActiveCfg = debug avec documentation|x86
		{38C74DF2-637C-4DEF-B251-E6E82005FAE4}.debug PDA DATA|x86.Build.0 = debug avec documentation|x86
		{38C74DF2-637C-4DEF-B251-E6E82005FAE4}.debug structure pda|Any CPU.ActiveCfg = debug structure pda|Any CPU
		{38C74DF2-637C-4DEF-B251-E6E82005FAE4}.debug structure pda|Any CPU.Build.0 = debug structure pda|Any CPU
		{38C74DF2-637C-4DEF-B251-E6E82005FAE4}.debug structure pda|x86.ActiveCfg = debug structure pda|x86
		{38C74DF2-637C-4DEF-B251-E6E82005FAE4}.debug structure pda|x86.Build.0 = debug structure pda|x86
		{38C74DF2-637C-4DEF-B251-E6E82005FAE4}.Debug|Any CPU.ActiveCfg = Debug|Any CPU
		{38C74DF2-637C-4DEF-B251-E6E82005FAE4}.Debug|Any CPU.Build.0 = Debug|Any CPU
		{38C74DF2-637C-4DEF-B251-E6E82005FAE4}.Debug|x86.ActiveCfg = Debug|x86
		{38C74DF2-637C-4DEF-B251-E6E82005FAE4}.Debug|x86.Build.0 = Debug|x86
		{38C74DF2-637C-4DEF-B251-E6E82005FAE4}.Release|Any CPU.ActiveCfg = Release|Any CPU
		{38C74DF2-637C-4DEF-B251-E6E82005FAE4}.Release|Any CPU.Build.0 = Release|Any CPU
		{38C74DF2-637C-4DEF-B251-E6E82005FAE4}.Release|x86.ActiveCfg = Release|x86
		{38C74DF2-637C-4DEF-B251-E6E82005FAE4}.Release|x86.Build.0 = Release|x86
		{3BFA1911-0260-41D2-9203-7F86BD67B3B4}.debug avec documentation|Any CPU.ActiveCfg = Debug|x86
		{3BFA1911-0260-41D2-9203-7F86BD67B3B4}.debug avec documentation|x86.ActiveCfg = Debug|x86
		{3BFA1911-0260-41D2-9203-7F86BD67B3B4}.debug avec documentation|x86.Build.0 = Debug|x86
		{3BFA1911-0260-41D2-9203-7F86BD67B3B4}.debug PDA DATA|Any CPU.ActiveCfg = Debug|x86
		{3BFA1911-0260-41D2-9203-7F86BD67B3B4}.debug PDA DATA|x86.ActiveCfg = Debug|x86
		{3BFA1911-0260-41D2-9203-7F86BD67B3B4}.debug PDA DATA|x86.Build.0 = Debug|x86
		{3BFA1911-0260-41D2-9203-7F86BD67B3B4}.debug structure pda|Any CPU.ActiveCfg = Debug|x86
		{3BFA1911-0260-41D2-9203-7F86BD67B3B4}.debug structure pda|x86.ActiveCfg = Debug|x86
		{3BFA1911-0260-41D2-9203-7F86BD67B3B4}.debug structure pda|x86.Build.0 = Debug|x86
		{3BFA1911-0260-41D2-9203-7F86BD67B3B4}.Debug|Any CPU.ActiveCfg = Debug|Any CPU
		{3BFA1911-0260-41D2-9203-7F86BD67B3B4}.Debug|Any CPU.Build.0 = Debug|Any CPU
		{3BFA1911-0260-41D2-9203-7F86BD67B3B4}.Debug|x86.ActiveCfg = Debug|x86
		{3BFA1911-0260-41D2-9203-7F86BD67B3B4}.Debug|x86.Build.0 = Debug|x86
		{3BFA1911-0260-41D2-9203-7F86BD67B3B4}.Release|Any CPU.ActiveCfg = Release|Any CPU
		{3BFA1911-0260-41D2-9203-7F86BD67B3B4}.Release|Any CPU.Build.0 = Release|Any CPU
		{3BFA1911-0260-41D2-9203-7F86BD67B3B4}.Release|x86.ActiveCfg = Release|x86
		{3BFA1911-0260-41D2-9203-7F86BD67B3B4}.Release|x86.Build.0 = Release|x86
		{2EE8FF18-E98D-4B5F-8277-BE18B36EEF78}.debug avec documentation|Any CPU.ActiveCfg = Debug|x86
		{2EE8FF18-E98D-4B5F-8277-BE18B36EEF78}.debug avec documentation|x86.ActiveCfg = Debug|x86
		{2EE8FF18-E98D-4B5F-8277-BE18B36EEF78}.debug avec documentation|x86.Build.0 = Debug|x86
		{2EE8FF18-E98D-4B5F-8277-BE18B36EEF78}.debug PDA DATA|Any CPU.ActiveCfg = Debug|x86
		{2EE8FF18-E98D-4B5F-8277-BE18B36EEF78}.debug PDA DATA|x86.ActiveCfg = Debug|x86
		{2EE8FF18-E98D-4B5F-8277-BE18B36EEF78}.debug PDA DATA|x86.Build.0 = Debug|x86
		{2EE8FF18-E98D-4B5F-8277-BE18B36EEF78}.debug structure pda|Any CPU.ActiveCfg = Debug|x86
		{2EE8FF18-E98D-4B5F-8277-BE18B36EEF78}.debug structure pda|x86.ActiveCfg = Debug|x86
		{2EE8FF18-E98D-4B5F-8277-BE18B36EEF78}.debug structure pda|x86.Build.0 = Debug|x86
		{2EE8FF18-E98D-4B5F-8277-BE18B36EEF78}.Debug|Any CPU.ActiveCfg = Debug|Any CPU
		{2EE8FF18-E98D-4B5F-8277-BE18B36EEF78}.Debug|Any CPU.Build.0 = Debug|Any CPU
		{2EE8FF18-E98D-4B5F-8277-BE18B36EEF78}.Debug|x86.ActiveCfg = Debug|x86
		{2EE8FF18-E98D-4B5F-8277-BE18B36EEF78}.Debug|x86.Build.0 = Debug|x86
		{2EE8FF18-E98D-4B5F-8277-BE18B36EEF78}.Release|Any CPU.ActiveCfg = Release|Any CPU
		{2EE8FF18-E98D-4B5F-8277-BE18B36EEF78}.Release|Any CPU.Build.0 = Release|Any CPU
		{2EE8FF18-E98D-4B5F-8277-BE18B36EEF78}.Release|x86.ActiveCfg = Release|x86
		{2EE8FF18-E98D-4B5F-8277-BE18B36EEF78}.Release|x86.Build.0 = Release|x86
		{032A3907-6D1D-4483-9908-CC9809D89D8F}.debug avec documentation|Any CPU.ActiveCfg = Debug|Any CPU
		{032A3907-6D1D-4483-9908-CC9809D89D8F}.debug avec documentation|Any CPU.Build.0 = Debug|Any CPU
		{032A3907-6D1D-4483-9908-CC9809D89D8F}.debug avec documentation|x86.ActiveCfg = Debug|Any CPU
		{032A3907-6D1D-4483-9908-CC9809D89D8F}.debug PDA DATA|Any CPU.ActiveCfg = Debug|Any CPU
		{032A3907-6D1D-4483-9908-CC9809D89D8F}.debug PDA DATA|Any CPU.Build.0 = Debug|Any CPU
		{032A3907-6D1D-4483-9908-CC9809D89D8F}.debug PDA DATA|x86.ActiveCfg = Debug|Any CPU
		{032A3907-6D1D-4483-9908-CC9809D89D8F}.debug structure pda|Any CPU.ActiveCfg = Debug|Any CPU
		{032A3907-6D1D-4483-9908-CC9809D89D8F}.debug structure pda|Any CPU.Build.0 = Debug|Any CPU
		{032A3907-6D1D-4483-9908-CC9809D89D8F}.debug structure pda|x86.ActiveCfg = Debug|Any CPU
		{032A3907-6D1D-4483-9908-CC9809D89D8F}.Debug|Any CPU.ActiveCfg = Debug|Any CPU
		{032A3907-6D1D-4483-9908-CC9809D89D8F}.Debug|Any CPU.Build.0 = Debug|Any CPU
		{032A3907-6D1D-4483-9908-CC9809D89D8F}.Debug|x86.ActiveCfg = Debug|Any CPU
		{032A3907-6D1D-4483-9908-CC9809D89D8F}.Release|Any CPU.ActiveCfg = Release|Any CPU
		{032A3907-6D1D-4483-9908-CC9809D89D8F}.Release|Any CPU.Build.0 = Release|Any CPU
		{032A3907-6D1D-4483-9908-CC9809D89D8F}.Release|x86.ActiveCfg = Release|x86
		{032A3907-6D1D-4483-9908-CC9809D89D8F}.Release|x86.Build.0 = Release|x86
		{CF184A3C-FDB3-472A-8249-0BCAED59CF8D}.debug avec documentation|Any CPU.ActiveCfg = Debug|Any CPU
		{CF184A3C-FDB3-472A-8249-0BCAED59CF8D}.debug avec documentation|Any CPU.Build.0 = Debug|Any CPU
		{CF184A3C-FDB3-472A-8249-0BCAED59CF8D}.debug avec documentation|x86.ActiveCfg = Debug|Any CPU
		{CF184A3C-FDB3-472A-8249-0BCAED59CF8D}.debug PDA DATA|Any CPU.ActiveCfg = Debug|Any CPU
		{CF184A3C-FDB3-472A-8249-0BCAED59CF8D}.debug PDA DATA|Any CPU.Build.0 = Debug|Any CPU
		{CF184A3C-FDB3-472A-8249-0BCAED59CF8D}.debug PDA DATA|x86.ActiveCfg = Debug|Any CPU
		{CF184A3C-FDB3-472A-8249-0BCAED59CF8D}.debug structure pda|Any CPU.ActiveCfg = Debug|Any CPU
		{CF184A3C-FDB3-472A-8249-0BCAED59CF8D}.debug structure pda|Any CPU.Build.0 = Debug|Any CPU
		{CF184A3C-FDB3-472A-8249-0BCAED59CF8D}.debug structure pda|x86.ActiveCfg = Debug|Any CPU
		{CF184A3C-FDB3-472A-8249-0BCAED59CF8D}.Debug|Any CPU.ActiveCfg = Debug|Any CPU
		{CF184A3C-FDB3-472A-8249-0BCAED59CF8D}.Debug|Any CPU.Build.0 = Debug|Any CPU
		{CF184A3C-FDB3-472A-8249-0BCAED59CF8D}.Debug|x86.ActiveCfg = Debug|Any CPU
		{CF184A3C-FDB3-472A-8249-0BCAED59CF8D}.Release|Any CPU.ActiveCfg = Release|Any CPU
		{CF184A3C-FDB3-472A-8249-0BCAED59CF8D}.Release|Any CPU.Build.0 = Release|Any CPU
		{CF184A3C-FDB3-472A-8249-0BCAED59CF8D}.Release|x86.ActiveCfg = Release|x86
		{CF184A3C-FDB3-472A-8249-0BCAED59CF8D}.Release|x86.Build.0 = Release|x86
		{FAB17A43-9CFC-467F-A7B3-39E5BA285741}.debug avec documentation|Any CPU.ActiveCfg = Debug|Any CPU
		{FAB17A43-9CFC-467F-A7B3-39E5BA285741}.debug avec documentation|Any CPU.Build.0 = Debug|Any CPU
		{FAB17A43-9CFC-467F-A7B3-39E5BA285741}.debug avec documentation|x86.ActiveCfg = Debug|Any CPU
		{FAB17A43-9CFC-467F-A7B3-39E5BA285741}.debug PDA DATA|Any CPU.ActiveCfg = Debug|Any CPU
		{FAB17A43-9CFC-467F-A7B3-39E5BA285741}.debug PDA DATA|Any CPU.Build.0 = Debug|Any CPU
		{FAB17A43-9CFC-467F-A7B3-39E5BA285741}.debug PDA DATA|x86.ActiveCfg = Debug|Any CPU
		{FAB17A43-9CFC-467F-A7B3-39E5BA285741}.debug structure pda|Any CPU.ActiveCfg = Debug|Any CPU
		{FAB17A43-9CFC-467F-A7B3-39E5BA285741}.debug structure pda|Any CPU.Build.0 = Debug|Any CPU
		{FAB17A43-9CFC-467F-A7B3-39E5BA285741}.debug structure pda|x86.ActiveCfg = Debug|Any CPU
		{FAB17A43-9CFC-467F-A7B3-39E5BA285741}.Debug|Any CPU.ActiveCfg = Debug|Any CPU
		{FAB17A43-9CFC-467F-A7B3-39E5BA285741}.Debug|Any CPU.Build.0 = Debug|Any CPU
		{FAB17A43-9CFC-467F-A7B3-39E5BA285741}.Debug|x86.ActiveCfg = Debug|Any CPU
		{FAB17A43-9CFC-467F-A7B3-39E5BA285741}.Release|Any CPU.ActiveCfg = Release|Any CPU
		{FAB17A43-9CFC-467F-A7B3-39E5BA285741}.Release|Any CPU.Build.0 = Release|Any CPU
		{FAB17A43-9CFC-467F-A7B3-39E5BA285741}.Release|x86.ActiveCfg = Release|x86
		{FAB17A43-9CFC-467F-A7B3-39E5BA285741}.Release|x86.Build.0 = Release|x86
		{FCCE12A0-AF64-448C-8AC2-F7014A67F35E}.debug avec documentation|Any CPU.ActiveCfg = Debug|Any CPU
		{FCCE12A0-AF64-448C-8AC2-F7014A67F35E}.debug avec documentation|Any CPU.Build.0 = Debug|Any CPU
		{FCCE12A0-AF64-448C-8AC2-F7014A67F35E}.debug avec documentation|x86.ActiveCfg = Debug|Any CPU
		{FCCE12A0-AF64-448C-8AC2-F7014A67F35E}.debug PDA DATA|Any CPU.ActiveCfg = Debug|Any CPU
		{FCCE12A0-AF64-448C-8AC2-F7014A67F35E}.debug PDA DATA|Any CPU.Build.0 = Debug|Any CPU
		{FCCE12A0-AF64-448C-8AC2-F7014A67F35E}.debug PDA DATA|x86.ActiveCfg = Debug|Any CPU
		{FCCE12A0-AF64-448C-8AC2-F7014A67F35E}.debug structure pda|Any CPU.ActiveCfg = Debug|Any CPU
		{FCCE12A0-AF64-448C-8AC2-F7014A67F35E}.debug structure pda|Any CPU.Build.0 = Debug|Any CPU
		{FCCE12A0-AF64-448C-8AC2-F7014A67F35E}.debug structure pda|x86.ActiveCfg = Debug|Any CPU
		{FCCE12A0-AF64-448C-8AC2-F7014A67F35E}.Debug|Any CPU.ActiveCfg = Debug|Any CPU
		{FCCE12A0-AF64-448C-8AC2-F7014A67F35E}.Debug|Any CPU.Build.0 = Debug|Any CPU
		{FCCE12A0-AF64-448C-8AC2-F7014A67F35E}.Debug|x86.ActiveCfg = Debug|Any CPU
		{FCCE12A0-AF64-448C-8AC2-F7014A67F35E}.Release|Any CPU.ActiveCfg = Release|Any CPU
		{FCCE12A0-AF64-448C-8AC2-F7014A67F35E}.Release|Any CPU.Build.0 = Release|Any CPU
		{FCCE12A0-AF64-448C-8AC2-F7014A67F35E}.Release|x86.ActiveCfg = Release|x86
		{FCCE12A0-AF64-448C-8AC2-F7014A67F35E}.Release|x86.Build.0 = Release|x86
	EndGlobalSection
	GlobalSection(SolutionProperties) = preSolution
		HideSolutionNode = FALSE
	EndGlobalSection
	GlobalSection(ExtensibilityGlobals) = postSolution
		VisualSVNWorkingCopyRoot = 
	EndGlobalSection
	GlobalSection(TestCaseManagementSettings) = postSolution
		CategoryFile = Sc2iDlls.vsmdi
	EndGlobalSection
EndGlobal
